
Microsoft Visual Studio Solution File, Format Version 10.00
# Visual Studio 2008
Project("{F184B08F-C81C-45F6-A57F-5ABD9991F28F}") = "uWiMPweb", "Website\uWiMPweb.vbproj", "{C6225B72-F553-46AB-88DC-C23A606292D6}"
EndProject
Project("{F184B08F-C81C-45F6-A57F-5ABD9991F28F}") = "MPClientController", "MPClientController\MPClientController.vbproj", "{BE2A1819-AFE7-4866-A975-FA372D714E39}"
EndProject
Project("{2150E333-8FDC-42A3-9474-1A3956D46DE8}") = "Solution Items", "Solution Items", "{01D98417-6A40-4F23-987E-F3C9C7F3C61D}"
	ProjectSection(SolutionItems) = preProject
		COPYING.txt = COPYING.txt
		Copyright notice.txt = Copyright notice.txt
	EndProjectSection
EndProject
Project("{F184B08F-C81C-45F6-A57F-5ABD9991F28F}") = "iPiMPTranscodeToMP4", "iPiMPTranscodeToMP4\iPiMPTranscodeToMP4.vbproj", "{E968E988-28CA-44B8-AC7D-D228700EA87D}"
EndProject
Project("{F184B08F-C81C-45F6-A57F-5ABD9991F28F}") = "iPiMPTranscodeClient", "iPiMPTranscodeClient\iPiMPTranscodeClient.vbproj", "{F3F01412-C796-45B6-A3E3-0774D95CCE87}"
EndProject
Project("{F184B08F-C81C-45F6-A57F-5ABD9991F28F}") = "iPiMPConfigurePlugin", "iPiMPConfigurePlugin\iPiMPConfigurePlugin.vbproj", "{D17AF38F-4663-4842-A10E-01D80654F259}"
EndProject
Project("{F184B08F-C81C-45F6-A57F-5ABD9991F28F}") = "WinSegmenter", "WinSegmenter\WinSegmenter.vbproj", "{B5667D5E-A2C2-410E-83B8-D0761E864054}"
EndProject
Global
	GlobalSection(SolutionConfigurationPlatforms) = preSolution
		Debug|Any CPU = Debug|Any CPU
		Debug|Mixed Platforms = Debug|Mixed Platforms
		Debug|x86 = Debug|x86
		Release|Any CPU = Release|Any CPU
		Release|Mixed Platforms = Release|Mixed Platforms
		Release|x86 = Release|x86
	EndGlobalSection
	GlobalSection(ProjectConfigurationPlatforms) = postSolution
		{C6225B72-F553-46AB-88DC-C23A606292D6}.Debug|Any CPU.ActiveCfg = Debug|Any CPU
		{C6225B72-F553-46AB-88DC-C23A606292D6}.Debug|Any CPU.Build.0 = Debug|Any CPU
		{C6225B72-F553-46AB-88DC-C23A606292D6}.Debug|Mixed Platforms.ActiveCfg = Debug|Any CPU
		{C6225B72-F553-46AB-88DC-C23A606292D6}.Debug|Mixed Platforms.Build.0 = Debug|Any CPU
		{C6225B72-F553-46AB-88DC-C23A606292D6}.Debug|x86.ActiveCfg = Debug|Any CPU
		{C6225B72-F553-46AB-88DC-C23A606292D6}.Debug|x86.Build.0 = Debug|Any CPU
		{C6225B72-F553-46AB-88DC-C23A606292D6}.Release|Any CPU.ActiveCfg = Release|Any CPU
		{C6225B72-F553-46AB-88DC-C23A606292D6}.Release|Any CPU.Build.0 = Release|Any CPU
		{C6225B72-F553-46AB-88DC-C23A606292D6}.Release|Mixed Platforms.ActiveCfg = Release|Any CPU
		{C6225B72-F553-46AB-88DC-C23A606292D6}.Release|Mixed Platforms.Build.0 = Release|Any CPU
		{C6225B72-F553-46AB-88DC-C23A606292D6}.Release|x86.ActiveCfg = Release|Any CPU
		{C6225B72-F553-46AB-88DC-C23A606292D6}.Release|x86.Build.0 = Release|Any CPU
		{BE2A1819-AFE7-4866-A975-FA372D714E39}.Debug|Any CPU.ActiveCfg = Debug|Any CPU
		{BE2A1819-AFE7-4866-A975-FA372D714E39}.Debug|Any CPU.Build.0 = Debug|Any CPU
		{BE2A1819-AFE7-4866-A975-FA372D714E39}.Debug|Mixed Platforms.ActiveCfg = Debug|Any CPU
		{BE2A1819-AFE7-4866-A975-FA372D714E39}.Debug|Mixed Platforms.Build.0 = Debug|Any CPU
		{BE2A1819-AFE7-4866-A975-FA372D714E39}.Debug|x86.ActiveCfg = Debug|Any CPU
		{BE2A1819-AFE7-4866-A975-FA372D714E39}.Debug|x86.Build.0 = Debug|Any CPU
		{BE2A1819-AFE7-4866-A975-FA372D714E39}.Release|Any CPU.ActiveCfg = Release|Any CPU
		{BE2A1819-AFE7-4866-A975-FA372D714E39}.Release|Any CPU.Build.0 = Release|Any CPU
		{BE2A1819-AFE7-4866-A975-FA372D714E39}.Release|Mixed Platforms.ActiveCfg = Release|Any CPU
		{BE2A1819-AFE7-4866-A975-FA372D714E39}.Release|Mixed Platforms.Build.0 = Release|Any CPU
		{BE2A1819-AFE7-4866-A975-FA372D714E39}.Release|x86.ActiveCfg = Release|Any CPU
		{BE2A1819-AFE7-4866-A975-FA372D714E39}.Release|x86.Build.0 = Release|Any CPU
		{E968E988-28CA-44B8-AC7D-D228700EA87D}.Debug|Any CPU.ActiveCfg = Debug|Any CPU
		{E968E988-28CA-44B8-AC7D-D228700EA87D}.Debug|Any CPU.Build.0 = Debug|Any CPU
		{E968E988-28CA-44B8-AC7D-D228700EA87D}.Debug|Mixed Platforms.ActiveCfg = Debug|Any CPU
		{E968E988-28CA-44B8-AC7D-D228700EA87D}.Debug|Mixed Platforms.Build.0 = Debug|Any CPU
		{E968E988-28CA-44B8-AC7D-D228700EA87D}.Debug|x86.ActiveCfg = Debug|Any CPU
		{E968E988-28CA-44B8-AC7D-D228700EA87D}.Debug|x86.Build.0 = Debug|Any CPU
		{E968E988-28CA-44B8-AC7D-D228700EA87D}.Release|Any CPU.ActiveCfg = Release|Any CPU
		{E968E988-28CA-44B8-AC7D-D228700EA87D}.Release|Any CPU.Build.0 = Release|Any CPU
		{E968E988-28CA-44B8-AC7D-D228700EA87D}.Release|Mixed Platforms.ActiveCfg = Release|Any CPU
		{E968E988-28CA-44B8-AC7D-D228700EA87D}.Release|Mixed Platforms.Build.0 = Release|Any CPU
		{E968E988-28CA-44B8-AC7D-D228700EA87D}.Release|x86.ActiveCfg = Release|Any CPU
		{E968E988-28CA-44B8-AC7D-D228700EA87D}.Release|x86.Build.0 = Release|Any CPU
		{F3F01412-C796-45B6-A3E3-0774D95CCE87}.Debug|Any CPU.ActiveCfg = Debug|Any CPU
		{F3F01412-C796-45B6-A3E3-0774D95CCE87}.Debug|Any CPU.Build.0 = Debug|Any CPU
		{F3F01412-C796-45B6-A3E3-0774D95CCE87}.Debug|Mixed Platforms.ActiveCfg = Debug|Any CPU
		{F3F01412-C796-45B6-A3E3-0774D95CCE87}.Debug|Mixed Platforms.Build.0 = Debug|Any CPU
		{F3F01412-C796-45B6-A3E3-0774D95CCE87}.Debug|x86.ActiveCfg = Debug|Any CPU
		{F3F01412-C796-45B6-A3E3-0774D95CCE87}.Debug|x86.Build.0 = Debug|Any CPU
		{F3F01412-C796-45B6-A3E3-0774D95CCE87}.Release|Any CPU.ActiveCfg = Release|Any CPU
		{F3F01412-C796-45B6-A3E3-0774D95CCE87}.Release|Any CPU.Build.0 = Release|Any CPU
		{F3F01412-C796-45B6-A3E3-0774D95CCE87}.Release|Mixed Platforms.ActiveCfg = Release|Any CPU
		{F3F01412-C796-45B6-A3E3-0774D95CCE87}.Release|Mixed Platforms.Build.0 = Release|Any CPU
		{F3F01412-C796-45B6-A3E3-0774D95CCE87}.Release|x86.ActiveCfg = Release|Any CPU
		{F3F01412-C796-45B6-A3E3-0774D95CCE87}.Release|x86.Build.0 = Release|Any CPU
		{D17AF38F-4663-4842-A10E-01D80654F259}.Debug|Any CPU.ActiveCfg = Debug|Any CPU
		{D17AF38F-4663-4842-A10E-01D80654F259}.Debug|Any CPU.Build.0 = Debug|Any CPU
		{D17AF38F-4663-4842-A10E-01D80654F259}.Debug|Mixed Platforms.ActiveCfg = Debug|Any CPU
		{D17AF38F-4663-4842-A10E-01D80654F259}.Debug|Mixed Platforms.Build.0 = Debug|Any CPU
		{D17AF38F-4663-4842-A10E-01D80654F259}.Debug|x86.ActiveCfg = Debug|Any CPU
		{D17AF38F-4663-4842-A10E-01D80654F259}.Debug|x86.Build.0 = Debug|Any CPU
		{D17AF38F-4663-4842-A10E-01D80654F259}.Release|Any CPU.ActiveCfg = Release|Any CPU
		{D17AF38F-4663-4842-A10E-01D80654F259}.Release|Any CPU.Build.0 = Release|Any CPU
		{D17AF38F-4663-4842-A10E-01D80654F259}.Release|Mixed Platforms.ActiveCfg = Release|Any CPU
		{D17AF38F-4663-4842-A10E-01D80654F259}.Release|Mixed Platforms.Build.0 = Release|Any CPU
		{D17AF38F-4663-4842-A10E-01D80654F259}.Release|x86.ActiveCfg = Release|Any CPU
		{D17AF38F-4663-4842-A10E-01D80654F259}.Release|x86.Build.0 = Release|Any CPU
		{B5667D5E-A2C2-410E-83B8-D0761E864054}.Debug|Any CPU.ActiveCfg = Debug|Any CPU
		{B5667D5E-A2C2-410E-83B8-D0761E864054}.Debug|Any CPU.Build.0 = Debug|Any CPU
		{B5667D5E-A2C2-410E-83B8-D0761E864054}.Debug|Mixed Platforms.ActiveCfg = Debug|Any CPU
		{B5667D5E-A2C2-410E-83B8-D0761E864054}.Debug|Mixed Platforms.Build.0 = Debug|Any CPU
		{B5667D5E-A2C2-410E-83B8-D0761E864054}.Debug|x86.ActiveCfg = Debug|Any CPU
		{B5667D5E-A2C2-410E-83B8-D0761E864054}.Debug|x86.Build.0 = Debug|Any CPU
		{B5667D5E-A2C2-410E-83B8-D0761E864054}.Release|Any CPU.ActiveCfg = Release|Any CPU
		{B5667D5E-A2C2-410E-83B8-D0761E864054}.Release|Any CPU.Build.0 = Release|Any CPU
		{B5667D5E-A2C2-410E-83B8-D0761E864054}.Release|Mixed Platforms.ActiveCfg = Release|Any CPU
		{B5667D5E-A2C2-410E-83B8-D0761E864054}.Release|Mixed Platforms.Build.0 = Release|Any CPU
		{B5667D5E-A2C2-410E-83B8-D0761E864054}.Release|x86.ActiveCfg = Release|Any CPU
		{B5667D5E-A2C2-410E-83B8-D0761E864054}.Release|x86.Build.0 = Release|Any CPU
	EndGlobalSection
	GlobalSection(SolutionProperties) = preSolution
		HideSolutionNode = FALSE
	EndGlobalSection
	GlobalSection(SubversionScc) = preSolution
		Svn-Managed = True
		Manager = AnkhSVN - Subversion Support for Visual Studio
	EndGlobalSection
EndGlobal
